
Microsoft Visual Studio Solution File, Format Version 12.00
# Visual Studio Version 17
VisualStudioVersion = 17.0.32014.148
MinimumVisualStudioVersion = 10.0.40219.1
Project("{2150E333-8FDC-42A3-9474-1A3956D46DE8}") = ".nuget", ".nuget", "{702F1F6A-535B-488E-AAFB-1BED01118588}"
	ProjectSection(SolutionItems) = preProject
		.nuget\packages.config = .nuget\packages.config
	EndProjectSection
EndProject
Project("{FAE04EC0-301F-11D3-BF4B-00C04F79EFBC}") = "CpsDbHelperCodeGeneratorTest", "CpsDbHelperCodeGeneratorTest\CpsDbHelperCodeGeneratorTest.csproj", "{46096B29-F2FC-417A-9DB4-5B4C6F497A3A}"
EndProject
Project("{FAE04EC0-301F-11D3-BF4B-00C04F79EFBC}") = "CpsDbHelper.CodeGenerator", "CpsDbHelper.CodeGenerator\CpsDbHelper.CodeGenerator.csproj", "{19789A1C-B557-46D7-875A-287A27ABCD00}"
EndProject
Project("{00D1A9C2-B5F0-4AF3-8072-F6C62B433612}") = "CpsDbHelper.TestDatabase", "CpsDbHelper.TestDatabase\CpsDbHelper.TestDatabase.sqlproj", "{597476EE-32DB-49BC-AC7E-4D2C29FA1177}"
EndProject
Project("{FAE04EC0-301F-11D3-BF4B-00C04F79EFBC}") = "CpsDbHelper.CodeGenerator.BuildTask", "CpsDbHelper.CodeGenerator.BuildTask\CpsDbHelper.CodeGenerator.BuildTask.csproj", "{58B64504-435A-4723-8068-6A736F448201}"
EndProject
Project("{FAE04EC0-301F-11D3-BF4B-00C04F79EFBC}") = "CpsDbHelper.CodeGenerator.Executeable", "CpsDbHelper.CodeGenerator.Executeable\CpsDbHelper.CodeGenerator.Executeable.csproj", "{D470C464-F1E8-4F72-8E4B-0FA338FAE142}"
EndProject
Project("{9A19103F-16F7-4668-BE54-9A1E7A4F7556}") = "CpsDbHelper.Postgres", "CpsDbHelper.Postgres\CpsDbHelper.Postgres.csproj", "{5D119A7C-0C35-4B63-8394-BCAB33A34D02}"
EndProject
Project("{9A19103F-16F7-4668-BE54-9A1E7A4F7556}") = "CpsDbHelper.NetStandard", "CpsDbHelper\CpsDbHelper.NetStandard.csproj", "{5D02EE0F-FC10-4731-846D-9E57CC2ECCA2}"
EndProject
Project("{9A19103F-16F7-4668-BE54-9A1E7A4F7556}") = "CpsDbHelper.Postgres.test", "CpsDbHelper.Postgres.test\CpsDbHelper.Postgres.test.csproj", "{64595C57-EA7A-4F63-BC75-3432338C9CB2}"
EndProject
Global
	GlobalSection(SolutionConfigurationPlatforms) = preSolution
		Debug|Any CPU = Debug|Any CPU
		Release|Any CPU = Release|Any CPU
	EndGlobalSection
	GlobalSection(ProjectConfigurationPlatforms) = postSolution
		{46096B29-F2FC-417A-9DB4-5B4C6F497A3A}.Debug|Any CPU.ActiveCfg = Debug|Any CPU
		{46096B29-F2FC-417A-9DB4-5B4C6F497A3A}.Debug|Any CPU.Build.0 = Debug|Any CPU
		{46096B29-F2FC-417A-9DB4-5B4C6F497A3A}.Release|Any CPU.ActiveCfg = Release|Any CPU
		{46096B29-F2FC-417A-9DB4-5B4C6F497A3A}.Release|Any CPU.Build.0 = Release|Any CPU
		{19789A1C-B557-46D7-875A-287A27ABCD00}.Debug|Any CPU.ActiveCfg = Debug|Any CPU
		{19789A1C-B557-46D7-875A-287A27ABCD00}.Debug|Any CPU.Build.0 = Debug|Any CPU
		{19789A1C-B557-46D7-875A-287A27ABCD00}.Release|Any CPU.ActiveCfg = Release|Any CPU
		{19789A1C-B557-46D7-875A-287A27ABCD00}.Release|Any CPU.Build.0 = Release|Any CPU
		{597476EE-32DB-49BC-AC7E-4D2C29FA1177}.Debug|Any CPU.ActiveCfg = Debug|Any CPU
		{597476EE-32DB-49BC-AC7E-4D2C29FA1177}.Debug|Any CPU.Deploy.0 = Debug|Any CPU
		{597476EE-32DB-49BC-AC7E-4D2C29FA1177}.Release|Any CPU.ActiveCfg = Release|Any CPU
		{597476EE-32DB-49BC-AC7E-4D2C29FA1177}.Release|Any CPU.Build.0 = Release|Any CPU
		{597476EE-32DB-49BC-AC7E-4D2C29FA1177}.Release|Any CPU.Deploy.0 = Release|Any CPU
		{58B64504-435A-4723-8068-6A736F448201}.Debug|Any CPU.ActiveCfg = Debug|Any CPU
		{58B64504-435A-4723-8068-6A736F448201}.Debug|Any CPU.Build.0 = Debug|Any CPU
		{58B64504-435A-4723-8068-6A736F448201}.Release|Any CPU.ActiveCfg = Release|Any CPU
		{58B64504-435A-4723-8068-6A736F448201}.Release|Any CPU.Build.0 = Release|Any CPU
		{D470C464-F1E8-4F72-8E4B-0FA338FAE142}.Debug|Any CPU.ActiveCfg = Debug|Any CPU
		{D470C464-F1E8-4F72-8E4B-0FA338FAE142}.Debug|Any CPU.Build.0 = Debug|Any CPU
		{D470C464-F1E8-4F72-8E4B-0FA338FAE142}.Release|Any CPU.ActiveCfg = Release|Any CPU
		{D470C464-F1E8-4F72-8E4B-0FA338FAE142}.Release|Any CPU.Build.0 = Release|Any CPU
		{5D119A7C-0C35-4B63-8394-BCAB33A34D02}.Debug|Any CPU.ActiveCfg = Debug|Any CPU
		{5D119A7C-0C35-4B63-8394-BCAB33A34D02}.Debug|Any CPU.Build.0 = Debug|Any CPU
		{5D119A7C-0C35-4B63-8394-BCAB33A34D02}.Release|Any CPU.ActiveCfg = Release|Any CPU
		{5D119A7C-0C35-4B63-8394-BCAB33A34D02}.Release|Any CPU.Build.0 = Release|Any CPU
		{5D02EE0F-FC10-4731-846D-9E57CC2ECCA2}.Debug|Any CPU.ActiveCfg = Debug|Any CPU
		{5D02EE0F-FC10-4731-846D-9E57CC2ECCA2}.Debug|Any CPU.Build.0 = Debug|Any CPU
		{5D02EE0F-FC10-4731-846D-9E57CC2ECCA2}.Release|Any CPU.ActiveCfg = Release|Any CPU
		{5D02EE0F-FC10-4731-846D-9E57CC2ECCA2}.Release|Any CPU.Build.0 = Release|Any CPU
		{64595C57-EA7A-4F63-BC75-3432338C9CB2}.Debug|Any CPU.ActiveCfg = Debug|Any CPU
		{64595C57-EA7A-4F63-BC75-3432338C9CB2}.Debug|Any CPU.Build.0 = Debug|Any CPU
		{64595C57-EA7A-4F63-BC75-3432338C9CB2}.Release|Any CPU.ActiveCfg = Release|Any CPU
		{64595C57-EA7A-4F63-BC75-3432338C9CB2}.Release|Any CPU.Build.0 = Release|Any CPU
	EndGlobalSection
	GlobalSection(SolutionProperties) = preSolution
		HideSolutionNode = FALSE
	EndGlobalSection
	GlobalSection(ExtensibilityGlobals) = postSolution
		SolutionGuid = {E7909880-FAFF-4A14-9ECC-8992553041C2}
	EndGlobalSection
EndGlobal
